// !$*UTF8*$!
{
	archiveVersion = 1;
	classes = {
	};
	objectVersion = 50;
	objects = {

/* Begin PBXBuildFile section */
		754504802333B9340022C9A2 /* AppDelegate.swift in Sources */ = {isa = PBXBuildFile; fileRef = 7545047F2333B9340022C9A2 /* AppDelegate.swift */; };
		754504872333B9350022C9A2 /* Assets.xcassets in Resources */ = {isa = PBXBuildFile; fileRef = 754504862333B9350022C9A2 /* Assets.xcassets */; };
		7545048A2333B9350022C9A2 /* LaunchScreen.storyboard in Resources */ = {isa = PBXBuildFile; fileRef = 754504882333B9350022C9A2 /* LaunchScreen.storyboard */; };
		754504952333B9350022C9A2 /* eggplant_brownieTests.swift in Sources */ = {isa = PBXBuildFile; fileRef = 754504942333B9350022C9A2 /* eggplant_brownieTests.swift */; };
		754504A02333B9350022C9A2 /* eggplant_brownieUITests.swift in Sources */ = {isa = PBXBuildFile; fileRef = 7545049F2333B9350022C9A2 /* eggplant_brownieUITests.swift */; };
		754504B82335595D0022C9A2 /* Item.swift in Sources */ = {isa = PBXBuildFile; fileRef = 754504B72335595D0022C9A2 /* Item.swift */; };
		754504BA23355DD80022C9A2 /* ViewController.swift in Sources */ = {isa = PBXBuildFile; fileRef = 754504B923355DD80022C9A2 /* ViewController.swift */; };
		754504BC233560B40022C9A2 /* Main.storyboard in Resources */ = {isa = PBXBuildFile; fileRef = 754504BB233560B40022C9A2 /* Main.storyboard */; };
		754504BE2338F8E30022C9A2 /* Meal.swift in Sources */ = {isa = PBXBuildFile; fileRef = 754504BD2338F8E30022C9A2 /* Meal.swift */; };
		7559077F2339402D002C86B4 /* MealsTableViewController.swift in Sources */ = {isa = PBXBuildFile; fileRef = 7559077E2339402D002C86B4 /* MealsTableViewController.swift */; };
/* End PBXBuildFile section */

/* Begin PBXContainerItemProxy section */
		754504912333B9350022C9A2 /* PBXContainerItemProxy */ = {
			isa = PBXContainerItemProxy;
			containerPortal = 754504742333B9340022C9A2 /* Project object */;
			proxyType = 1;
			remoteGlobalIDString = 7545047B2333B9340022C9A2;
			remoteInfo = "eggplant-brownie";
		};
		7545049C2333B9350022C9A2 /* PBXContainerItemProxy */ = {
			isa = PBXContainerItemProxy;
			containerPortal = 754504742333B9340022C9A2 /* Project object */;
			proxyType = 1;
			remoteGlobalIDString = 7545047B2333B9340022C9A2;
			remoteInfo = "eggplant-brownie";
		};
/* End PBXContainerItemProxy section */

/* Begin PBXFileReference section */
		7545047C2333B9340022C9A2 /* eggplant-brownie.app */ = {isa = PBXFileReference; explicitFileType = wrapper.application; includeInIndex = 0; path = "eggplant-brownie.app"; sourceTree = BUILT_PRODUCTS_DIR; };
		7545047F2333B9340022C9A2 /* AppDelegate.swift */ = {isa = PBXFileReference; lastKnownFileType = sourcecode.swift; path = AppDelegate.swift; sourceTree = "<group>"; };
		754504862333B9350022C9A2 /* Assets.xcassets */ = {isa = PBXFileReference; lastKnownFileType = folder.assetcatalog; path = Assets.xcassets; sourceTree = "<group>"; };
		754504892333B9350022C9A2 /* Base */ = {isa = PBXFileReference; lastKnownFileType = file.storyboard; name = Base; path = Base.lproj/LaunchScreen.storyboard; sourceTree = "<group>"; };
		7545048B2333B9350022C9A2 /* Info.plist */ = {isa = PBXFileReference; lastKnownFileType = text.plist.xml; path = Info.plist; sourceTree = "<group>"; };
		754504902333B9350022C9A2 /* eggplant-brownieTests.xctest */ = {isa = PBXFileReference; explicitFileType = wrapper.cfbundle; includeInIndex = 0; path = "eggplant-brownieTests.xctest"; sourceTree = BUILT_PRODUCTS_DIR; };
		754504942333B9350022C9A2 /* eggplant_brownieTests.swift */ = {isa = PBXFileReference; lastKnownFileType = sourcecode.swift; path = eggplant_brownieTests.swift; sourceTree = "<group>"; };
		754504962333B9350022C9A2 /* Info.plist */ = {isa = PBXFileReference; lastKnownFileType = text.plist.xml; path = Info.plist; sourceTree = "<group>"; };
		7545049B2333B9350022C9A2 /* eggplant-brownieUITests.xctest */ = {isa = PBXFileReference; explicitFileType = wrapper.cfbundle; includeInIndex = 0; path = "eggplant-brownieUITests.xctest"; sourceTree = BUILT_PRODUCTS_DIR; };
		7545049F2333B9350022C9A2 /* eggplant_brownieUITests.swift */ = {isa = PBXFileReference; lastKnownFileType = sourcecode.swift; path = eggplant_brownieUITests.swift; sourceTree = "<group>"; };
		754504A12333B9350022C9A2 /* Info.plist */ = {isa = PBXFileReference; lastKnownFileType = text.plist.xml; path = Info.plist; sourceTree = "<group>"; };
		754504AE2333F1F50022C9A2 /* MyPlayground.playground */ = {isa = PBXFileReference; lastKnownFileType = file.playground; path = MyPlayground.playground; sourceTree = "<group>"; xcLanguageSpecificationIdentifier = xcode.lang.swift; };
		754504AF233546B00022C9A2 /* MyPlaygroundClasses.playground */ = {isa = PBXFileReference; lastKnownFileType = file.playground; path = MyPlaygroundClasses.playground; sourceTree = "<group>"; xcLanguageSpecificationIdentifier = xcode.lang.swift; };
		754504B72335595D0022C9A2 /* Item.swift */ = {isa = PBXFileReference; lastKnownFileType = sourcecode.swift; path = Item.swift; sourceTree = "<group>"; };
		754504B923355DD80022C9A2 /* ViewController.swift */ = {isa = PBXFileReference; fileEncoding = 4; lastKnownFileType = sourcecode.swift; path = ViewController.swift; sourceTree = "<group>"; };
		754504BB233560B40022C9A2 /* Main.storyboard */ = {isa = PBXFileReference; fileEncoding = 4; lastKnownFileType = file.storyboard; path = Main.storyboard; sourceTree = "<group>"; };
		754504BD2338F8E30022C9A2 /* Meal.swift */ = {isa = PBXFileReference; lastKnownFileType = sourcecode.swift; path = Meal.swift; sourceTree = "<group>"; };
		7559077E2339402D002C86B4 /* MealsTableViewController.swift */ = {isa = PBXFileReference; lastKnownFileType = sourcecode.swift; path = MealsTableViewController.swift; sourceTree = "<group>"; };
/* End PBXFileReference section */

/* Begin PBXFrameworksBuildPhase section */
		754504792333B9340022C9A2 /* Frameworks */ = {
			isa = PBXFrameworksBuildPhase;
			buildActionMask = 2147483647;
			files = (
			);
			runOnlyForDeploymentPostprocessing = 0;
		};
		7545048D2333B9350022C9A2 /* Frameworks */ = {
			isa = PBXFrameworksBuildPhase;
			buildActionMask = 2147483647;
			files = (
			);
			runOnlyForDeploymentPostprocessing = 0;
		};
		754504982333B9350022C9A2 /* Frameworks */ = {
			isa = PBXFrameworksBuildPhase;
			buildActionMask = 2147483647;
			files = (
			);
			runOnlyForDeploymentPostprocessing = 0;
		};
/* End PBXFrameworksBuildPhase section */

/* Begin PBXGroup section */
		754504732333B9340022C9A2 = {
			isa = PBXGroup;
			children = (
				7545047E2333B9340022C9A2 /* eggplant-brownie */,
				754504932333B9350022C9A2 /* eggplant-brownieTests */,
				7545049E2333B9350022C9A2 /* eggplant-brownieUITests */,
				7545047D2333B9340022C9A2 /* Products */,
			);
			sourceTree = "<group>";
		};
		7545047D2333B9340022C9A2 /* Products */ = {
			isa = PBXGroup;
			children = (
				7545047C2333B9340022C9A2 /* eggplant-brownie.app */,
				754504902333B9350022C9A2 /* eggplant-brownieTests.xctest */,
				7545049B2333B9350022C9A2 /* eggplant-brownieUITests.xctest */,
			);
			name = Products;
			sourceTree = "<group>";
		};
		7545047E2333B9340022C9A2 /* eggplant-brownie */ = {
			isa = PBXGroup;
			children = (
				754504B12335542D0022C9A2 /* models */,
				754504B22335542D0022C9A2 /* viewcontrollers */,
				754504B02335542D0022C9A2 /* views */,
				7545047F2333B9340022C9A2 /* AppDelegate.swift */,
				754504862333B9350022C9A2 /* Assets.xcassets */,
				754504882333B9350022C9A2 /* LaunchScreen.storyboard */,
				7545048B2333B9350022C9A2 /* Info.plist */,
				754504AE2333F1F50022C9A2 /* MyPlayground.playground */,
				754504AF233546B00022C9A2 /* MyPlaygroundClasses.playground */,
			);
			path = "eggplant-brownie";
			sourceTree = "<group>";
		};
		754504932333B9350022C9A2 /* eggplant-brownieTests */ = {
			isa = PBXGroup;
			children = (
				754504942333B9350022C9A2 /* eggplant_brownieTests.swift */,
				754504962333B9350022C9A2 /* Info.plist */,
			);
			path = "eggplant-brownieTests";
			sourceTree = "<group>";
		};
		7545049E2333B9350022C9A2 /* eggplant-brownieUITests */ = {
			isa = PBXGroup;
			children = (
				7545049F2333B9350022C9A2 /* eggplant_brownieUITests.swift */,
				754504A12333B9350022C9A2 /* Info.plist */,
			);
			path = "eggplant-brownieUITests";
			sourceTree = "<group>";
		};
		754504B02335542D0022C9A2 /* views */ = {
			isa = PBXGroup;
			children = (
				754504BB233560B40022C9A2 /* Main.storyboard */,
				7559077E2339402D002C86B4 /* MealsTableViewController.swift */,
			);
			path = views;
			sourceTree = "<group>";
		};
		754504B12335542D0022C9A2 /* models */ = {
			isa = PBXGroup;
			children = (
				754504B72335595D0022C9A2 /* Item.swift */,
				754504BD2338F8E30022C9A2 /* Meal.swift */,
			);
			path = models;
			sourceTree = "<group>";
		};
		754504B22335542D0022C9A2 /* viewcontrollers */ = {
			isa = PBXGroup;
			children = (
				754504B923355DD80022C9A2 /* ViewController.swift */,
			);
			path = viewcontrollers;
			sourceTree = "<group>";
		};
/* End PBXGroup section */

/* Begin PBXNativeTarget section */
		7545047B2333B9340022C9A2 /* eggplant-brownie */ = {
			isa = PBXNativeTarget;
			buildConfigurationList = 754504A42333B9350022C9A2 /* Build configuration list for PBXNativeTarget "eggplant-brownie" */;
			buildPhases = (
				754504782333B9340022C9A2 /* Sources */,
				754504792333B9340022C9A2 /* Frameworks */,
				7545047A2333B9340022C9A2 /* Resources */,
			);
			buildRules = (
			);
			dependencies = (
			);
			name = "eggplant-brownie";
			productName = "eggplant-brownie";
			productReference = 7545047C2333B9340022C9A2 /* eggplant-brownie.app */;
			productType = "com.apple.product-type.application";
		};
		7545048F2333B9350022C9A2 /* eggplant-brownieTests */ = {
			isa = PBXNativeTarget;
			buildConfigurationList = 754504A72333B9350022C9A2 /* Build configuration list for PBXNativeTarget "eggplant-brownieTests" */;
			buildPhases = (
				7545048C2333B9350022C9A2 /* Sources */,
				7545048D2333B9350022C9A2 /* Frameworks */,
				7545048E2333B9350022C9A2 /* Resources */,
			);
			buildRules = (
			);
			dependencies = (
				754504922333B9350022C9A2 /* PBXTargetDependency */,
			);
			name = "eggplant-brownieTests";
			productName = "eggplant-brownieTests";
			productReference = 754504902333B9350022C9A2 /* eggplant-brownieTests.xctest */;
			productType = "com.apple.product-type.bundle.unit-test";
		};
		7545049A2333B9350022C9A2 /* eggplant-brownieUITests */ = {
			isa = PBXNativeTarget;
			buildConfigurationList = 754504AA2333B9350022C9A2 /* Build configuration list for PBXNativeTarget "eggplant-brownieUITests" */;
			buildPhases = (
				754504972333B9350022C9A2 /* Sources */,
				754504982333B9350022C9A2 /* Frameworks */,
				754504992333B9350022C9A2 /* Resources */,
			);
			buildRules = (
			);
			dependencies = (
				7545049D2333B9350022C9A2 /* PBXTargetDependency */,
			);
			name = "eggplant-brownieUITests";
			productName = "eggplant-brownieUITests";
			productReference = 7545049B2333B9350022C9A2 /* eggplant-brownieUITests.xctest */;
			productType = "com.apple.product-type.bundle.ui-testing";
		};
/* End PBXNativeTarget section */

/* Begin PBXProject section */
		754504742333B9340022C9A2 /* Project object */ = {
			isa = PBXProject;
			attributes = {
				LastSwiftUpdateCheck = 1030;
				LastUpgradeCheck = 1030;
				ORGANIZATIONNAME = "Catia Miranda de Souza";
				TargetAttributes = {
					7545047B2333B9340022C9A2 = {
						CreatedOnToolsVersion = 10.3;
					};
					7545048F2333B9350022C9A2 = {
						CreatedOnToolsVersion = 10.3;
						TestTargetID = 7545047B2333B9340022C9A2;
					};
					7545049A2333B9350022C9A2 = {
						CreatedOnToolsVersion = 10.3;
						TestTargetID = 7545047B2333B9340022C9A2;
					};
				};
			};
			buildConfigurationList = 754504772333B9340022C9A2 /* Build configuration list for PBXProject "eggplant-brownie" */;
			compatibilityVersion = "Xcode 9.3";
			developmentRegion = en;
			hasScannedForEncodings = 0;
			knownRegions = (
				en,
				Base,
			);
			mainGroup = 754504732333B9340022C9A2;
			productRefGroup = 7545047D2333B9340022C9A2 /* Products */;
			projectDirPath = "";
			projectRoot = "";
			targets = (
				7545047B2333B9340022C9A2 /* eggplant-brownie */,
				7545048F2333B9350022C9A2 /* eggplant-brownieTests */,
				7545049A2333B9350022C9A2 /* eggplant-brownieUITests */,
			);
		};
/* End PBXProject section */

/* Begin PBXResourcesBuildPhase section */
		7545047A2333B9340022C9A2 /* Resources */ = {
			isa = PBXResourcesBuildPhase;
			buildActionMask = 2147483647;
			files = (
				754504BC233560B40022C9A2 /* Main.storyboard in Resources */,
				7545048A2333B9350022C9A2 /* LaunchScreen.storyboard in Resources */,
				754504872333B9350022C9A2 /* Assets.xcassets in Resources */,
			);
			runOnlyForDeploymentPostprocessing = 0;
		};
		7545048E2333B9350022C9A2 /* Resources */ = {
			isa = PBXResourcesBuildPhase;
			buildActionMask = 2147483647;
			files = (
			);
			runOnlyForDeploymentPostprocessing = 0;
		};
		754504992333B9350022C9A2 /* Resources */ = {
			isa = PBXResourcesBuildPhase;
			buildActionMask = 2147483647;
			files = (
			);
			runOnlyForDeploymentPostprocessing = 0;
		};
/* End PBXResourcesBuildPhase section */

/* Begin PBXSourcesBuildPhase section */
		754504782333B9340022C9A2 /* Sources */ = {
			isa = PBXSourcesBuildPhase;
			buildActionMask = 2147483647;
			files = (
				7559077F2339402D002C86B4 /* MealsTableViewController.swift in Sources */,
				754504BE2338F8E30022C9A2 /* Meal.swift in Sources */,
				754504B82335595D0022C9A2 /* Item.swift in Sources */,
				754504BA23355DD80022C9A2 /* ViewController.swift in Sources */,
				754504802333B9340022C9A2 /* AppDelegate.swift in Sources */,
			);
			runOnlyForDeploymentPostprocessing = 0;
		};
		7545048C2333B9350022C9A2 /* Sources */ = {
			isa = PBXSourcesBuildPhase;
			buildActionMask = 2147483647;
			files = (
				754504952333B9350022C9A2 /* eggplant_brownieTests.swift in Sources */,
			);
			runOnlyForDeploymentPostprocessing = 0;
		};
		754504972333B9350022C9A2 /* Sources */ = {
			isa = PBXSourcesBuildPhase;
			buildActionMask = 2147483647;
			files = (
				754504A02333B9350022C9A2 /* eggplant_brownieUITests.swift in Sources */,
			);
			runOnlyForDeploymentPostprocessing = 0;
		};
/* End PBXSourcesBuildPhase section */

/* Begin PBXTargetDependency section */
		754504922333B9350022C9A2 /* PBXTargetDependency */ = {
			isa = PBXTargetDependency;
			target = 7545047B2333B9340022C9A2 /* eggplant-brownie */;
			targetProxy = 754504912333B9350022C9A2 /* PBXContainerItemProxy */;
		};
		7545049D2333B9350022C9A2 /* PBXTargetDependency */ = {
			isa = PBXTargetDependency;
			target = 7545047B2333B9340022C9A2 /* eggplant-brownie */;
			targetProxy = 7545049C2333B9350022C9A2 /* PBXContainerItemProxy */;
		};
/* End PBXTargetDependency section */

/* Begin PBXVariantGroup section */
		754504882333B9350022C9A2 /* LaunchScreen.storyboard */ = {
			isa = PBXVariantGroup;
			children = (
				754504892333B9350022C9A2 /* Base */,
			);
			name = LaunchScreen.storyboard;
			sourceTree = "<group>";
		};
/* End PBXVariantGroup section */

/* Begin XCBuildConfiguration section */
		754504A22333B9350022C9A2 /* Debug */ = {
			isa = XCBuildConfiguration;
			buildSettings = {
				ALWAYS_SEARCH_USER_PATHS = NO;
				CLANG_ANALYZER_NONNULL = YES;
				CLANG_ANALYZER_NUMBER_OBJECT_CONVERSION = YES_AGGRESSIVE;
				CLANG_CXX_LANGUAGE_STANDARD = "gnu++14";
				CLANG_CXX_LIBRARY = "libc++";
				CLANG_ENABLE_MODULES = YES;
				CLANG_ENABLE_OBJC_ARC = YES;
				CLANG_ENABLE_OBJC_WEAK = YES;
				CLANG_WARN_BLOCK_CAPTURE_AUTORELEASING = YES;
				CLANG_WARN_BOOL_CONVERSION = YES;
				CLANG_WARN_COMMA = YES;
				CLANG_WARN_CONSTANT_CONVERSION = YES;
				CLANG_WARN_DEPRECATED_OBJC_IMPLEMENTATIONS = YES;
				CLANG_WARN_DIRECT_OBJC_ISA_USAGE = YES_ERROR;
				CLANG_WARN_DOCUMENTATION_COMMENTS = YES;
				CLANG_WARN_EMPTY_BODY = YES;
				CLANG_WARN_ENUM_CONVERSION = YES;
				CLANG_WARN_INFINITE_RECURSION = YES;
				CLANG_WARN_INT_CONVERSION = YES;
				CLANG_WARN_NON_LITERAL_NULL_CONVERSION = YES;
				CLANG_WARN_OBJC_IMPLICIT_RETAIN_SELF = YES;
				CLANG_WARN_OBJC_LITERAL_CONVERSION = YES;
				CLANG_WARN_OBJC_ROOT_CLASS = YES_ERROR;
				CLANG_WARN_RANGE_LOOP_ANALYSIS = YES;
				CLANG_WARN_STRICT_PROTOTYPES = YES;
				CLANG_WARN_SUSPICIOUS_MOVE = YES;
				CLANG_WARN_UNGUARDED_AVAILABILITY = YES_AGGRESSIVE;
				CLANG_WARN_UNREACHABLE_CODE = YES;
				CLANG_WARN__DUPLICATE_METHOD_MATCH = YES;
				CODE_SIGN_IDENTITY = "iPhone Developer";
				COPY_PHASE_STRIP = NO;
				DEBUG_INFORMATION_FORMAT = dwarf;
				ENABLE_STRICT_OBJC_MSGSEND = YES;
				ENABLE_TESTABILITY = YES;
				GCC_C_LANGUAGE_STANDARD = gnu11;
				GCC_DYNAMIC_NO_PIC = NO;
				GCC_NO_COMMON_BLOCKS = YES;
				GCC_OPTIMIZATION_LEVEL = 0;
				GCC_PREPROCESSOR_DEFINITIONS = (
					"DEBUG=1",
					"$(inherited)",
				);
				GCC_WARN_64_TO_32_BIT_CONVERSION = YES;
				GCC_WARN_ABOUT_RETURN_TYPE = YES_ERROR;
				GCC_WARN_UNDECLARED_SELECTOR = YES;
				GCC_WARN_UNINITIALIZED_AUTOS = YES_AGGRESSIVE;
				GCC_WARN_UNUSED_FUNCTION = YES;
				GCC_WARN_UNUSED_VARIABLE = YES;
				IPHONEOS_DEPLOYMENT_TARGET = 12.4;
				MTL_ENABLE_DEBUG_INFO = INCLUDE_SOURCE;
				MTL_FAST_MATH = YES;
				ONLY_ACTIVE_ARCH = YES;
				SDKROOT = iphoneos;
				SWIFT_ACTIVE_COMPILATION_CONDITIONS = DEBUG;
				SWIFT_OPTIMIZATION_LEVEL = "-Onone";
			};
			name = Debug;
		};
		754504A32333B9350022C9A2 /* Release */ = {
			isa = XCBuildConfiguration;
			buildSettings = {
				ALWAYS_SEARCH_USER_PATHS = NO;
				CLANG_ANALYZER_NONNULL = YES;
				CLANG_ANALYZER_NUMBER_OBJECT_CONVERSION = YES_AGGRESSIVE;
				CLANG_CXX_LANGUAGE_STANDARD = "gnu++14";
				CLANG_CXX_LIBRARY = "libc++";
				CLANG_ENABLE_MODULES = YES;
				CLANG_ENABLE_OBJC_ARC = YES;
				CLANG_ENABLE_OBJC_WEAK = YES;
				CLANG_WARN_BLOCK_CAPTURE_AUTORELEASING = YES;
				CLANG_WARN_BOOL_CONVERSION = YES;
				CLANG_WARN_COMMA = YES;
				CLANG_WARN_CONSTANT_CONVERSION = YES;
				CLANG_WARN_DEPRECATED_OBJC_IMPLEMENTATIONS = YES;
				CLANG_WARN_DIRECT_OBJC_ISA_USAGE = YES_ERROR;
				CLANG_WARN_DOCUMENTATION_COMMENTS = YES;
				CLANG_WARN_EMPTY_BODY = YES;
				CLANG_WARN_ENUM_CONVERSION = YES;
				CLANG_WARN_INFINITE_RECURSION = YES;
				CLANG_WARN_INT_CONVERSION = YES;
				CLANG_WARN_NON_LITERAL_NULL_CONVERSION = YES;
				CLANG_WARN_OBJC_IMPLICIT_RETAIN_SELF = YES;
				CLANG_WARN_OBJC_LITERAL_CONVERSION = YES;
				CLANG_WARN_OBJC_ROOT_CLASS = YES_ERROR;
				CLANG_WARN_RANGE_LOOP_ANALYSIS = YES;
				CLANG_WARN_STRICT_PROTOTYPES = YES;
				CLANG_WARN_SUSPICIOUS_MOVE = YES;
				CLANG_WARN_UNGUARDED_AVAILABILITY = YES_AGGRESSIVE;
				CLANG_WARN_UNREACHABLE_CODE = YES;
				CLANG_WARN__DUPLICATE_METHOD_MATCH = YES;
				CODE_SIGN_IDENTITY = "iPhone Developer";
				COPY_PHASE_STRIP = NO;
				DEBUG_INFORMATION_FORMAT = "dwarf-with-dsym";
				ENABLE_NS_ASSERTIONS = NO;
				ENABLE_STRICT_OBJC_MSGSEND = YES;
				GCC_C_LANGUAGE_STANDARD = gnu11;
				GCC_NO_COMMON_BLOCKS = YES;
				GCC_WARN_64_TO_32_BIT_CONVERSION = YES;
				GCC_WARN_ABOUT_RETURN_TYPE = YES_ERROR;
				GCC_WARN_UNDECLARED_SELECTOR = YES;
				GCC_WARN_UNINITIALIZED_AUTOS = YES_AGGRESSIVE;
				GCC_WARN_UNUSED_FUNCTION = YES;
				GCC_WARN_UNUSED_VARIABLE = YES;
				IPHONEOS_DEPLOYMENT_TARGET = 12.4;
				MTL_ENABLE_DEBUG_INFO = NO;
				MTL_FAST_MATH = YES;
				SDKROOT = iphoneos;
				SWIFT_COMPILATION_MODE = wholemodule;
				SWIFT_OPTIMIZATION_LEVEL = "-O";
				VALIDATE_PRODUCT = YES;
			};
			name = Release;
		};
		754504A52333B9350022C9A2 /* Debug */ = {
			isa = XCBuildConfiguration;
			buildSettings = {
				ASSETCATALOG_COMPILER_APPICON_NAME = AppIcon;
				CODE_SIGN_STYLE = Automatic;
				INFOPLIST_FILE = "eggplant-brownie/Info.plist";
				LD_RUNPATH_SEARCH_PATHS = (
					"$(inherited)",
					"@executable_path/Frameworks",
				);
				PRODUCT_BUNDLE_IDENTIFIER = "com.catiasouza.eggplant-brownie";
				PRODUCT_NAME = "$(TARGET_NAME)";
				SWIFT_VERSION = 5.0;
				TARGETED_DEVICE_FAMILY = "1,2";
			};
			name = Debug;
		};
		754504A62333B9350022C9A2 /* Release */ = {
			isa = XCBuildConfiguration;
			buildSettings = {
				ASSETCATALOG_COMPILER_APPICON_NAME = AppIcon;
				CODE_SIGN_STYLE = Automatic;
				INFOPLIST_FILE = "eggplant-brownie/Info.plist";
				LD_RUNPATH_SEARCH_PATHS = (
					"$(inherited)",
					"@executable_path/Frameworks",
				);
				PRODUCT_BUNDLE_IDENTIFIER = "com.catiasouza.eggplant-brownie";
				PRODUCT_NAME = "$(TARGET_NAME)";
				SWIFT_VERSION = 5.0;
				TARGETED_DEVICE_FAMILY = "1,2";
			};
			name = Release;
		};
		754504A82333B9350022C9A2 /* Debug */ = {
			isa = XCBuildConfiguration;
			buildSettings = {
				ALWAYS_EMBED_SWIFT_STANDARD_LIBRARIES = YES;
				BUNDLE_LOADER = "$(TEST_HOST)";
				CODE_SIGN_STYLE = Automatic;
				INFOPLIST_FILE = "eggplant-brownieTests/Info.plist";
				LD_RUNPATH_SEARCH_PATHS = (
					"$(inherited)",
					"@executable_path/Frameworks",
					"@loader_path/Frameworks",
				);
				PRODUCT_BUNDLE_IDENTIFIER = "com.catiasouza.eggplant-brownieTests";
				PRODUCT_NAME = "$(TARGET_NAME)";
				SWIFT_VERSION = 5.0;
				TARGETED_DEVICE_FAMILY = "1,2";
				TEST_HOST = "$(BUILT_PRODUCTS_DIR)/eggplant-brownie.app/eggplant-brownie";
			};
			name = Debug;
		};
		754504A92333B9350022C9A2 /* Release */ = {
			isa = XCBuildConfiguration;
			buildSettings = {
				ALWAYS_EMBED_SWIFT_STANDARD_LIBRARIES = YES;
				BUNDLE_LOADER = "$(TEST_HOST)";
				CODE_SIGN_STYLE = Automatic;
				INFOPLIST_FILE = "eggplant-brownieTests/Info.plist";
				LD_RUNPATH_SEARCH_PATHS = (
					"$(inherited)",
					"@executable_path/Frameworks",
					"@loader_path/Frameworks",
				);
				PRODUCT_BUNDLE_IDENTIFIER = "com.catiasouza.eggplant-brownieTests";
				PRODUCT_NAME = "$(TARGET_NAME)";
				SWIFT_VERSION = 5.0;
				TARGETED_DEVICE_FAMILY = "1,2";
				TEST_HOST = "$(BUILT_PRODUCTS_DIR)/eggplant-brownie.app/eggplant-brownie";
			};
			name = Release;
		};
		754504AB2333B9350022C9A2 /* Debug */ = {
			isa = XCBuildConfiguration;
			buildSettings = {
				ALWAYS_EMBED_SWIFT_STANDARD_LIBRARIES = YES;
				CODE_SIGN_STYLE = Automatic;
				INFOPLIST_FILE = "eggplant-brownieUITests/Info.plist";
				LD_RUNPATH_SEARCH_PATHS = (
					"$(inherited)",
					"@executable_path/Frameworks",
					"@loader_path/Frameworks",
				);
				PRODUCT_BUNDLE_IDENTIFIER = "com.catiasouza.eggplant-brownieUITests";
				PRODUCT_NAME = "$(TARGET_NAME)";
				SWIFT_VERSION = 5.0;
				TARGETED_DEVICE_FAMILY = "1,2";
				TEST_TARGET_NAME = "eggplant-brownie";
			};
			name = Debug;
		};
		754504AC2333B9350022C9A2 /* Release */ = {
			isa = XCBuildConfiguration;
			buildSettings = {
				ALWAYS_EMBED_SWIFT_STANDARD_LIBRARIES = YES;
				CODE_SIGN_STYLE = Automatic;
				INFOPLIST_FILE = "eggplant-brownieUITests/Info.plist";
				LD_RUNPATH_SEARCH_PATHS = (
					"$(inherited)",
					"@executable_path/Frameworks",
					"@loader_path/Frameworks",
				);
				PRODUCT_BUNDLE_IDENTIFIER = "com.catiasouza.eggplant-brownieUITests";
				PRODUCT_NAME = "$(TARGET_NAME)";
				SWIFT_VERSION = 5.0;
				TARGETED_DEVICE_FAMILY = "1,2";
				TEST_TARGET_NAME = "eggplant-brownie";
			};
			name = Release;
		};
/* End XCBuildConfiguration section */

/* Begin XCConfigurationList section */
		754504772333B9340022C9A2 /* Build configuration list for PBXProject "eggplant-brownie" */ = {
			isa = XCConfigurationList;
			buildConfigurations = (
				754504A22333B9350022C9A2 /* Debug */,
				754504A32333B9350022C9A2 /* Release */,
			);
			defaultConfigurationIsVisible = 0;
			defaultConfigurationName = Release;
		};
		754504A42333B9350022C9A2 /* Build configuration list for PBXNativeTarget "eggplant-brownie" */ = {
			isa = XCConfigurationList;
			buildConfigurations = (
				754504A52333B9350022C9A2 /* Debug */,
				754504A62333B9350022C9A2 /* Release */,
			);
			defaultConfigurationIsVisible = 0;
			defaultConfigurationName = Release;
		};
		754504A72333B9350022C9A2 /* Build configuration list for PBXNativeTarget "eggplant-brownieTests" */ = {
			isa = XCConfigurationList;
			buildConfigurations = (
				754504A82333B9350022C9A2 /* Debug */,
				754504A92333B9350022C9A2 /* Release */,
			);
			defaultConfigurationIsVisible = 0;
			defaultConfigurationName = Release;
		};
		754504AA2333B9350022C9A2 /* Build configuration list for PBXNativeTarget "eggplant-brownieUITests" */ = {
			isa = XCConfigurationList;
			buildConfigurations = (
				754504AB2333B9350022C9A2 /* Debug */,
				754504AC2333B9350022C9A2 /* Release */,
			);
			defaultConfigurationIsVisible = 0;
			defaultConfigurationName = Release;
		};
/* End XCConfigurationList section */
	};
	rootObject = 754504742333B9340022C9A2 /* Project object */;
}
